
Microsoft Visual Studio Solution File, Format Version 12.00
# Visual Studio Version 17
VisualStudioVersion = 17.5.33627.172
MinimumVisualStudioVersion = 10.0.40219.1
Project("{FAE04EC0-301F-11D3-BF4B-00C04F79EFBC}") = "RecipeAPI", "RecipeAPI\RecipeAPI.csproj", "{6645A4D9-1193-43D6-AF2B-55E2AD480CDF}"
EndProject
Project("{FAE04EC0-301F-11D3-BF4B-00C04F79EFBC}") = "DBContext", "DBContext\DBContext.csproj", "{74346517-133D-409B-8055-59BFE5A5E3AE}"
EndProject
Global
	GlobalSection(SolutionConfigurationPlatforms) = preSolution
		Debug|Any CPU = Debug|Any CPU
		Release|Any CPU = Release|Any CPU
	EndGlobalSection
	GlobalSection(ProjectConfigurationPlatforms) = postSolution
		{6645A4D9-1193-43D6-AF2B-55E2AD480CDF}.Debug|Any CPU.ActiveCfg = Debug|Any CPU
		{6645A4D9-1193-43D6-AF2B-55E2AD480CDF}.Debug|Any CPU.Build.0 = Debug|Any CPU
		{6645A4D9-1193-43D6-AF2B-55E2AD480CDF}.Release|Any CPU.ActiveCfg = Release|Any CPU
		{6645A4D9-1193-43D6-AF2B-55E2AD480CDF}.Release|Any CPU.Build.0 = Release|Any CPU
		{74346517-133D-409B-8055-59BFE5A5E3AE}.Debug|Any CPU.ActiveCfg = Debug|Any CPU
		{74346517-133D-409B-8055-59BFE5A5E3AE}.Debug|Any CPU.Build.0 = Debug|Any CPU
		{74346517-133D-409B-8055-59BFE5A5E3AE}.Release|Any CPU.ActiveCfg = Release|Any CPU
		{74346517-133D-409B-8055-59BFE5A5E3AE}.Release|Any CPU.Build.0 = Release|Any CPU
	EndGlobalSection
	GlobalSection(SolutionProperties) = preSolution
		HideSolutionNode = FALSE
	EndGlobalSection
	GlobalSection(ExtensibilityGlobals) = postSolution
		SolutionGuid = {B7B1CA32-B6F4-427D-A062-2E9E99450F87}
	EndGlobalSection
EndGlobal
